
Microsoft Visual Studio Solution File, Format Version 12.00
# Visual Studio Version 16
VisualStudioVersion = 16.6.30114.105
MinimumVisualStudioVersion = 10.0.40219.1
Project("{9A19103F-16F7-4668-BE54-9A1E7A4F7556}") = "Sytko.Blazor.Editor", "Sytko.Blazor.Editor\Sytko.Blazor.Editor.csproj", "{3980D8D1-ADF3-493E-A320-378FA6E2D54F}"
EndProject
Project("{9A19103F-16F7-4668-BE54-9A1E7A4F7556}") = "Sytko.Blazor.EditorDemo", "Sytko.Blazor.EditorDemo\Sytko.Blazor.EditorDemo.csproj", "{A7A58D10-0BB8-4F2D-9DF6-449DFF1EE05B}"
EndProject
Global
	GlobalSection(SolutionConfigurationPlatforms) = preSolution
		Debug|Any CPU = Debug|Any CPU
		Debug|x64 = Debug|x64
		Debug|x86 = Debug|x86
		Release|Any CPU = Release|Any CPU
		Release|x64 = Release|x64
		Release|x86 = Release|x86
	EndGlobalSection
	GlobalSection(ProjectConfigurationPlatforms) = postSolution
		{3980D8D1-ADF3-493E-A320-378FA6E2D54F}.Debug|Any CPU.ActiveCfg = Debug|Any CPU
		{3980D8D1-ADF3-493E-A320-378FA6E2D54F}.Debug|Any CPU.Build.0 = Debug|Any CPU
		{3980D8D1-ADF3-493E-A320-378FA6E2D54F}.Debug|x64.ActiveCfg = Debug|Any CPU
		{3980D8D1-ADF3-493E-A320-378FA6E2D54F}.Debug|x64.Build.0 = Debug|Any CPU
		{3980D8D1-ADF3-493E-A320-378FA6E2D54F}.Debug|x86.ActiveCfg = Debug|Any CPU
		{3980D8D1-ADF3-493E-A320-378FA6E2D54F}.Debug|x86.Build.0 = Debug|Any CPU
		{3980D8D1-ADF3-493E-A320-378FA6E2D54F}.Release|Any CPU.ActiveCfg = Release|Any CPU
		{3980D8D1-ADF3-493E-A320-378FA6E2D54F}.Release|Any CPU.Build.0 = Release|Any CPU
		{3980D8D1-ADF3-493E-A320-378FA6E2D54F}.Release|x64.ActiveCfg = Release|Any CPU
		{3980D8D1-ADF3-493E-A320-378FA6E2D54F}.Release|x64.Build.0 = Release|Any CPU
		{3980D8D1-ADF3-493E-A320-378FA6E2D54F}.Release|x86.ActiveCfg = Release|Any CPU
		{3980D8D1-ADF3-493E-A320-378FA6E2D54F}.Release|x86.Build.0 = Release|Any CPU
		{A7A58D10-0BB8-4F2D-9DF6-449DFF1EE05B}.Debug|Any CPU.ActiveCfg = Debug|Any CPU
		{A7A58D10-0BB8-4F2D-9DF6-449DFF1EE05B}.Debug|Any CPU.Build.0 = Debug|Any CPU
		{A7A58D10-0BB8-4F2D-9DF6-449DFF1EE05B}.Debug|x64.ActiveCfg = Debug|Any CPU
		{A7A58D10-0BB8-4F2D-9DF6-449DFF1EE05B}.Debug|x64.Build.0 = Debug|Any CPU
		{A7A58D10-0BB8-4F2D-9DF6-449DFF1EE05B}.Debug|x86.ActiveCfg = Debug|Any CPU
		{A7A58D10-0BB8-4F2D-9DF6-449DFF1EE05B}.Debug|x86.Build.0 = Debug|Any CPU
		{A7A58D10-0BB8-4F2D-9DF6-449DFF1EE05B}.Release|Any CPU.ActiveCfg = Release|Any CPU
		{A7A58D10-0BB8-4F2D-9DF6-449DFF1EE05B}.Release|Any CPU.Build.0 = Release|Any CPU
		{A7A58D10-0BB8-4F2D-9DF6-449DFF1EE05B}.Release|x64.ActiveCfg = Release|Any CPU
		{A7A58D10-0BB8-4F2D-9DF6-449DFF1EE05B}.Release|x64.Build.0 = Release|Any CPU
		{A7A58D10-0BB8-4F2D-9DF6-449DFF1EE05B}.Release|x86.ActiveCfg = Release|Any CPU
		{A7A58D10-0BB8-4F2D-9DF6-449DFF1EE05B}.Release|x86.Build.0 = Release|Any CPU
	EndGlobalSection
	GlobalSection(SolutionProperties) = preSolution
		HideSolutionNode = FALSE
	EndGlobalSection
	GlobalSection(ExtensibilityGlobals) = postSolution
		SolutionGuid = {AB97C921-C535-4188-AE2A-804D6E8ABEC9}
	EndGlobalSection
EndGlobal
